// !$*UTF8*$!
{
	archiveVersion = 1;
	classes = {
	};
	objectVersion = 46;
	objects = {

/* Begin PBXBuildFile section */
		D91E76F61E79C6ED00063C29 /* AppDelegate.swift in Sources */ = {isa = PBXBuildFile; fileRef = D91E76F51E79C6ED00063C29 /* AppDelegate.swift */; };
		D91E76F81E79C6ED00063C29 /* MainPageViewController.swift in Sources */ = {isa = PBXBuildFile; fileRef = D91E76F71E79C6ED00063C29 /* MainPageViewController.swift */; };
		D91E76FB1E79C6ED00063C29 /* Main.storyboard in Resources */ = {isa = PBXBuildFile; fileRef = D91E76F91E79C6ED00063C29 /* Main.storyboard */; };
		D91E76FD1E79C6ED00063C29 /* Assets.xcassets in Resources */ = {isa = PBXBuildFile; fileRef = D91E76FC1E79C6ED00063C29 /* Assets.xcassets */; };
		D91E77001E79C6ED00063C29 /* LaunchScreen.storyboard in Resources */ = {isa = PBXBuildFile; fileRef = D91E76FE1E79C6ED00063C29 /* LaunchScreen.storyboard */; };
		D92639A71E7B4EC4001F3976 /* ItemCell.swift in Sources */ = {isa = PBXBuildFile; fileRef = D92639A61E7B4EC4001F3976 /* ItemCell.swift */; };
		D92639AB1E7B525A001F3976 /* ItemCellValue.swift in Sources */ = {isa = PBXBuildFile; fileRef = D92639AA1E7B525A001F3976 /* ItemCellValue.swift */; };
/* End PBXBuildFile section */

/* Begin PBXFileReference section */
		D91E76F21E79C6ED00063C29 /* KidsClothes.app */ = {isa = PBXFileReference; explicitFileType = wrapper.application; includeInIndex = 0; path = KidsClothes.app; sourceTree = BUILT_PRODUCTS_DIR; };
		D91E76F51E79C6ED00063C29 /* AppDelegate.swift */ = {isa = PBXFileReference; lastKnownFileType = sourcecode.swift; path = AppDelegate.swift; sourceTree = "<group>"; };
		D91E76F71E79C6ED00063C29 /* MainPageViewController.swift */ = {isa = PBXFileReference; lastKnownFileType = sourcecode.swift; path = MainPageViewController.swift; sourceTree = "<group>"; };
		D91E76FA1E79C6ED00063C29 /* Base */ = {isa = PBXFileReference; lastKnownFileType = file.storyboard; name = Base; path = Base.lproj/Main.storyboard; sourceTree = "<group>"; };
		D91E76FC1E79C6ED00063C29 /* Assets.xcassets */ = {isa = PBXFileReference; lastKnownFileType = folder.assetcatalog; path = Assets.xcassets; sourceTree = "<group>"; };
		D91E76FF1E79C6ED00063C29 /* Base */ = {isa = PBXFileReference; lastKnownFileType = file.storyboard; name = Base; path = Base.lproj/LaunchScreen.storyboard; sourceTree = "<group>"; };
		D91E77011E79C6ED00063C29 /* Info.plist */ = {isa = PBXFileReference; lastKnownFileType = text.plist.xml; path = Info.plist; sourceTree = "<group>"; };
		D92639A61E7B4EC4001F3976 /* ItemCell.swift */ = {isa = PBXFileReference; fileEncoding = 4; lastKnownFileType = sourcecode.swift; path = ItemCell.swift; sourceTree = "<group>"; };
		D92639AA1E7B525A001F3976 /* ItemCellValue.swift */ = {isa = PBXFileReference; fileEncoding = 4; lastKnownFileType = sourcecode.swift; path = ItemCellValue.swift; sourceTree = "<group>"; };
/* End PBXFileReference section */

/* Begin PBXFrameworksBuildPhase section */
		D91E76EF1E79C6ED00063C29 /* Frameworks */ = {
			isa = PBXFrameworksBuildPhase;
			buildActionMask = 2147483647;
			files = (
			);
			runOnlyForDeploymentPostprocessing = 0;
		};
/* End PBXFrameworksBuildPhase section */

/* Begin PBXGroup section */
		D91E76E91E79C6ED00063C29 = {
			isa = PBXGroup;
			children = (
				D91E76F41E79C6ED00063C29 /* KidsClothes */,
				D91E76F31E79C6ED00063C29 /* Products */,
			);
			sourceTree = "<group>";
		};
		D91E76F31E79C6ED00063C29 /* Products */ = {
			isa = PBXGroup;
			children = (
				D91E76F21E79C6ED00063C29 /* KidsClothes.app */,
			);
			name = Products;
			sourceTree = "<group>";
		};
		D91E76F41E79C6ED00063C29 /* KidsClothes */ = {
			isa = PBXGroup;
			children = (
				D92639AC1E7B526D001F3976 /* Model */,
				D92639A91E7B4F25001F3976 /* Controller */,
				D92639A81E7B4F17001F3976 /* View */,
				D91E76FC1E79C6ED00063C29 /* Assets.xcassets */,
				D91E76F91E79C6ED00063C29 /* Main.storyboard */,
				D91E77071E79CB4F00063C29 /* Misc */,
			);
			path = KidsClothes;
			sourceTree = "<group>";
		};
		D91E77071E79CB4F00063C29 /* Misc */ = {
			isa = PBXGroup;
			children = (
				D91E76F51E79C6ED00063C29 /* AppDelegate.swift */,
				D91E76FE1E79C6ED00063C29 /* LaunchScreen.storyboard */,
				D91E77011E79C6ED00063C29 /* Info.plist */,
			);
			name = Misc;
			sourceTree = "<group>";
		};
		D92639A81E7B4F17001F3976 /* View */ = {
			isa = PBXGroup;
			children = (
				D92639A61E7B4EC4001F3976 /* ItemCell.swift */,
			);
			name = View;
			sourceTree = "<group>";
		};
		D92639A91E7B4F25001F3976 /* Controller */ = {
			isa = PBXGroup;
			children = (
				D91E76F71E79C6ED00063C29 /* MainPageViewController.swift */,
			);
			name = Controller;
			sourceTree = "<group>";
		};
		D92639AC1E7B526D001F3976 /* Model */ = {
			isa = PBXGroup;
			children = (
				D92639AA1E7B525A001F3976 /* ItemCellValue.swift */,
			);
			name = Model;
			sourceTree = "<group>";
		};
/* End PBXGroup section */

/* Begin PBXNativeTarget section */
		D91E76F11E79C6ED00063C29 /* KidsClothes */ = {
			isa = PBXNativeTarget;
			buildConfigurationList = D91E77041E79C6ED00063C29 /* Build configuration list for PBXNativeTarget "KidsClothes" */;
			buildPhases = (
				D91E76EE1E79C6ED00063C29 /* Sources */,
				D91E76EF1E79C6ED00063C29 /* Frameworks */,
				D91E76F01E79C6ED00063C29 /* Resources */,
			);
			buildRules = (
			);
			dependencies = (
			);
			name = KidsClothes;
			productName = KidsClothes;
			productReference = D91E76F21E79C6ED00063C29 /* KidsClothes.app */;
			productType = "com.apple.product-type.application";
		};
/* End PBXNativeTarget section */

/* Begin PBXProject section */
		D91E76EA1E79C6ED00063C29 /* Project object */ = {
			isa = PBXProject;
			attributes = {
				LastSwiftUpdateCheck = 0820;
				LastUpgradeCheck = 0820;
				ORGANIZATIONNAME = Kremlev;
				TargetAttributes = {
					D91E76F11E79C6ED00063C29 = {
						CreatedOnToolsVersion = 8.2.1;
						ProvisioningStyle = Automatic;
					};
				};
			};
			buildConfigurationList = D91E76ED1E79C6ED00063C29 /* Build configuration list for PBXProject "KidsClothes" */;
			compatibilityVersion = "Xcode 3.2";
			developmentRegion = English;
			hasScannedForEncodings = 0;
			knownRegions = (
				en,
				Base,
			);
			mainGroup = D91E76E91E79C6ED00063C29;
			productRefGroup = D91E76F31E79C6ED00063C29 /* Products */;
			projectDirPath = "";
			projectRoot = "";
			targets = (
				D91E76F11E79C6ED00063C29 /* KidsClothes */,
			);
		};
/* End PBXProject section */

/* Begin PBXResourcesBuildPhase section */
		D91E76F01E79C6ED00063C29 /* Resources */ = {
			isa = PBXResourcesBuildPhase;
			buildActionMask = 2147483647;
			files = (
				D91E77001E79C6ED00063C29 /* LaunchScreen.storyboard in Resources */,
				D91E76FD1E79C6ED00063C29 /* Assets.xcassets in Resources */,
				D91E76FB1E79C6ED00063C29 /* Main.storyboard in Resources */,
			);
			runOnlyForDeploymentPostprocessing = 0;
		};
/* End PBXResourcesBuildPhase section */

/* Begin PBXSourcesBuildPhase section */
		D91E76EE1E79C6ED00063C29 /* Sources */ = {
			isa = PBXSourcesBuildPhase;
			buildActionMask = 2147483647;
			files = (
				D91E76F81E79C6ED00063C29 /* MainPageViewController.swift in Sources */,
				D91E76F61E79C6ED00063C29 /* AppDelegate.swift in Sources */,
				D92639AB1E7B525A001F3976 /* ItemCellValue.swift in Sources */,
				D92639A71E7B4EC4001F3976 /* ItemCell.swift in Sources */,
			);
			runOnlyForDeploymentPostprocessing = 0;
		};
/* End PBXSourcesBuildPhase section */

/* Begin PBXVariantGroup section */
		D91E76F91E79C6ED00063C29 /* Main.storyboard */ = {
			isa = PBXVariantGroup;
			children = (
				D91E76FA1E79C6ED00063C29 /* Base */,
			);
			name = Main.storyboard;
			sourceTree = "<group>";
		};
		D91E76FE1E79C6ED00063C29 /* LaunchScreen.storyboard */ = {
			isa = PBXVariantGroup;
			children = (
				D91E76FF1E79C6ED00063C29 /* Base */,
			);
			name = LaunchScreen.storyboard;
			sourceTree = "<group>";
		};
/* End PBXVariantGroup section */

/* Begin XCBuildConfiguration section */
		D91E77021E79C6ED00063C29 /* Debug */ = {
			isa = XCBuildConfiguration;
			buildSettings = {
				ALWAYS_SEARCH_USER_PATHS = NO;
				CLANG_ANALYZER_NONNULL = YES;
				CLANG_CXX_LANGUAGE_STANDARD = "gnu++0x";
				CLANG_CXX_LIBRARY = "libc++";
				CLANG_ENABLE_MODULES = YES;
				CLANG_ENABLE_OBJC_ARC = YES;
				CLANG_WARN_BOOL_CONVERSION = YES;
				CLANG_WARN_CONSTANT_CONVERSION = YES;
				CLANG_WARN_DIRECT_OBJC_ISA_USAGE = YES_ERROR;
				CLANG_WARN_DOCUMENTATION_COMMENTS = YES;
				CLANG_WARN_EMPTY_BODY = YES;
				CLANG_WARN_ENUM_CONVERSION = YES;
				CLANG_WARN_INFINITE_RECURSION = YES;
				CLANG_WARN_INT_CONVERSION = YES;
				CLANG_WARN_OBJC_ROOT_CLASS = YES_ERROR;
				CLANG_WARN_SUSPICIOUS_MOVE = YES;
				CLANG_WARN_UNREACHABLE_CODE = YES;
				CLANG_WARN__DUPLICATE_METHOD_MATCH = YES;
				"CODE_SIGN_IDENTITY[sdk=iphoneos*]" = "iPhone Developer";
				COPY_PHASE_STRIP = NO;
				DEBUG_INFORMATION_FORMAT = dwarf;
				ENABLE_STRICT_OBJC_MSGSEND = YES;
				ENABLE_TESTABILITY = YES;
				GCC_C_LANGUAGE_STANDARD = gnu99;
				GCC_DYNAMIC_NO_PIC = NO;
				GCC_NO_COMMON_BLOCKS = YES;
				GCC_OPTIMIZATION_LEVEL = 0;
				GCC_PREPROCESSOR_DEFINITIONS = (
					"DEBUG=1",
					"$(inherited)",
				);
				GCC_WARN_64_TO_32_BIT_CONVERSION = YES;
				GCC_WARN_ABOUT_RETURN_TYPE = YES_ERROR;
				GCC_WARN_UNDECLARED_SELECTOR = YES;
				GCC_WARN_UNINITIALIZED_AUTOS = YES_AGGRESSIVE;
				GCC_WARN_UNUSED_FUNCTION = YES;
				GCC_WARN_UNUSED_VARIABLE = YES;
				IPHONEOS_DEPLOYMENT_TARGET = 10.2;
				MTL_ENABLE_DEBUG_INFO = YES;
				ONLY_ACTIVE_ARCH = YES;
				SDKROOT = iphoneos;
				SWIFT_ACTIVE_COMPILATION_CONDITIONS = DEBUG;
				SWIFT_OPTIMIZATION_LEVEL = "-Onone";
				TARGETED_DEVICE_FAMILY = "1,2";
			};
			name = Debug;
		};
		D91E77031E79C6ED00063C29 /* Release */ = {
			isa = XCBuildConfiguration;
			buildSettings = {
				ALWAYS_SEARCH_USER_PATHS = NO;
				CLANG_ANALYZER_NONNULL = YES;
				CLANG_CXX_LANGUAGE_STANDARD = "gnu++0x";
				CLANG_CXX_LIBRARY = "libc++";
				CLANG_ENABLE_MODULES = YES;
				CLANG_ENABLE_OBJC_ARC = YES;
				CLANG_WARN_BOOL_CONVERSION = YES;
				CLANG_WARN_CONSTANT_CONVERSION = YES;
				CLANG_WARN_DIRECT_OBJC_ISA_USAGE = YES_ERROR;
				CLANG_WARN_DOCUMENTATION_COMMENTS = YES;
				CLANG_WARN_EMPTY_BODY = YES;
				CLANG_WARN_ENUM_CONVERSION = YES;
				CLANG_WARN_INFINITE_RECURSION = YES;
				CLANG_WARN_INT_CONVERSION = YES;
				CLANG_WARN_OBJC_ROOT_CLASS = YES_ERROR;
				CLANG_WARN_SUSPICIOUS_MOVE = YES;
				CLANG_WARN_UNREACHABLE_CODE = YES;
				CLANG_WARN__DUPLICATE_METHOD_MATCH = YES;
				"CODE_SIGN_IDENTITY[sdk=iphoneos*]" = "iPhone Developer";
				COPY_PHASE_STRIP = NO;
				DEBUG_INFORMATION_FORMAT = "dwarf-with-dsym";
				ENABLE_NS_ASSERTIONS = NO;
				ENABLE_STRICT_OBJC_MSGSEND = YES;
				GCC_C_LANGUAGE_STANDARD = gnu99;
				GCC_NO_COMMON_BLOCKS = YES;
				GCC_WARN_64_TO_32_BIT_CONVERSION = YES;
				GCC_WARN_ABOUT_RETURN_TYPE = YES_ERROR;
				GCC_WARN_UNDECLARED_SELECTOR = YES;
				GCC_WARN_UNINITIALIZED_AUTOS = YES_AGGRESSIVE;
				GCC_WARN_UNUSED_FUNCTION = YES;
				GCC_WARN_UNUSED_VARIABLE = YES;
				IPHONEOS_DEPLOYMENT_TARGET = 10.2;
				MTL_ENABLE_DEBUG_INFO = NO;
				SDKROOT = iphoneos;
				SWIFT_OPTIMIZATION_LEVEL = "-Owholemodule";
				TARGETED_DEVICE_FAMILY = "1,2";
				VALIDATE_PRODUCT = YES;
			};
			name = Release;
		};
		D91E77051E79C6ED00063C29 /* Debug */ = {
			isa = XCBuildConfiguration;
			buildSettings = {
				ASSETCATALOG_COMPILER_APPICON_NAME = AppIcon;
				INFOPLIST_FILE = KidsClothes/Info.plist;
				LD_RUNPATH_SEARCH_PATHS = "$(inherited) @executable_path/Frameworks";
				PRODUCT_BUNDLE_IDENTIFIER = kremlevmax.KidsClothes;
				PRODUCT_NAME = "$(TARGET_NAME)";
				SWIFT_VERSION = 3.0;
			};
			name = Debug;
		};
		D91E77061E79C6ED00063C29 /* Release */ = {
			isa = XCBuildConfiguration;
			buildSettings = {
				ASSETCATALOG_COMPILER_APPICON_NAME = AppIcon;
				INFOPLIST_FILE = KidsClothes/Info.plist;
				LD_RUNPATH_SEARCH_PATHS = "$(inherited) @executable_path/Frameworks";
				PRODUCT_BUNDLE_IDENTIFIER = kremlevmax.KidsClothes;
				PRODUCT_NAME = "$(TARGET_NAME)";
				SWIFT_VERSION = 3.0;
			};
			name = Release;
		};
/* End XCBuildConfiguration section */

/* Begin XCConfigurationList section */
		D91E76ED1E79C6ED00063C29 /* Build configuration list for PBXProject "KidsClothes" */ = {
			isa = XCConfigurationList;
			buildConfigurations = (
				D91E77021E79C6ED00063C29 /* Debug */,
				D91E77031E79C6ED00063C29 /* Release */,
			);
			defaultConfigurationIsVisible = 0;
			defaultConfigurationName = Release;
		};
		D91E77041E79C6ED00063C29 /* Build configuration list for PBXNativeTarget "KidsClothes" */ = {
			isa = XCConfigurationList;
			buildConfigurations = (
				D91E77051E79C6ED00063C29 /* Debug */,
				D91E77061E79C6ED00063C29 /* Release */,
			);
			defaultConfigurationIsVisible = 0;
			defaultConfigurationName = Release;
		};
/* End XCConfigurationList section */
	};
	rootObject = D91E76EA1E79C6ED00063C29 /* Project object */;
}
